
Microsoft Visual Studio Solution File, Format Version 12.00
# Visual Studio Version 17
VisualStudioVersion = 17.7.34018.315
MinimumVisualStudioVersion = 10.0.40219.1
Project("{2150E333-8FDC-42A3-9474-1A3956D46DE8}") = "Solution Items", "Solution Items", "{190F7916-D49F-4B8A-9864-74122E8C6E74}"
	ProjectSection(SolutionItems) = preProject
		.gitignore = .gitignore
	EndProjectSection
EndProject
Project("{9A19103F-16F7-4668-BE54-9A1E7A4F7556}") = "AutomobileLibrary", "AutomobileLibrary\AutomobileLibrary.csproj", "{9C9E6D33-3D57-49BC-9951-879805551BC1}"
EndProject
Project("{9A19103F-16F7-4668-BE54-9A1E7A4F7556}") = "AutomobileWinApp", "..\SampleWinForm\AutomobileWinApp.csproj", "{45361BA5-F4E9-4AA4-8A9A-3C5C97FED5E4}"
EndProject
Global
	GlobalSection(SolutionConfigurationPlatforms) = preSolution
		Debug|Any CPU = Debug|Any CPU
		Release|Any CPU = Release|Any CPU
	EndGlobalSection
	GlobalSection(ProjectConfigurationPlatforms) = postSolution
		{9C9E6D33-3D57-49BC-9951-879805551BC1}.Debug|Any CPU.ActiveCfg = Debug|Any CPU
		{9C9E6D33-3D57-49BC-9951-879805551BC1}.Debug|Any CPU.Build.0 = Debug|Any CPU
		{9C9E6D33-3D57-49BC-9951-879805551BC1}.Release|Any CPU.ActiveCfg = Release|Any CPU
		{9C9E6D33-3D57-49BC-9951-879805551BC1}.Release|Any CPU.Build.0 = Release|Any CPU
		{45361BA5-F4E9-4AA4-8A9A-3C5C97FED5E4}.Debug|Any CPU.ActiveCfg = Debug|Any CPU
		{45361BA5-F4E9-4AA4-8A9A-3C5C97FED5E4}.Debug|Any CPU.Build.0 = Debug|Any CPU
		{45361BA5-F4E9-4AA4-8A9A-3C5C97FED5E4}.Release|Any CPU.ActiveCfg = Release|Any CPU
		{45361BA5-F4E9-4AA4-8A9A-3C5C97FED5E4}.Release|Any CPU.Build.0 = Release|Any CPU
	EndGlobalSection
	GlobalSection(SolutionProperties) = preSolution
		HideSolutionNode = FALSE
	EndGlobalSection
	GlobalSection(ExtensibilityGlobals) = postSolution
		SolutionGuid = {101C839D-FC88-4C1F-BDB7-2CD50B4421B2}
	EndGlobalSection
EndGlobal
